
Microsoft Visual Studio Solution File, Format Version 12.00
# Visual Studio Version 16
VisualStudioVersion = 16.0.29215.179
MinimumVisualStudioVersion = 10.0.40219.1
Project("{FAE04EC0-301F-11D3-BF4B-00C04F79EFBC}") = "lz523915_MIS4200", "lz523915_MIS4200.csproj", "{D428FBB3-2B3F-436C-A9AE-82E7DD881D4C}"
EndProject
Global
	GlobalSection(SolutionConfigurationPlatforms) = preSolution
		Debug|Any CPU = Debug|Any CPU
		Release|Any CPU = Release|Any CPU
	EndGlobalSection
	GlobalSection(ProjectConfigurationPlatforms) = postSolution
		{D428FBB3-2B3F-436C-A9AE-82E7DD881D4C}.Debug|Any CPU.ActiveCfg = Debug|Any CPU
		{D428FBB3-2B3F-436C-A9AE-82E7DD881D4C}.Debug|Any CPU.Build.0 = Debug|Any CPU
		{D428FBB3-2B3F-436C-A9AE-82E7DD881D4C}.Release|Any CPU.ActiveCfg = Release|Any CPU
		{D428FBB3-2B3F-436C-A9AE-82E7DD881D4C}.Release|Any CPU.Build.0 = Release|Any CPU
	EndGlobalSection
	GlobalSection(SolutionProperties) = preSolution
		HideSolutionNode = FALSE
	EndGlobalSection
	GlobalSection(ExtensibilityGlobals) = postSolution
		SolutionGuid = {37B893E3-8730-4826-B510-F5ADAFF80484}
	EndGlobalSection
EndGlobal
